<?xml version="1.0" encoding="utf-8"?>
<Project ToolsVersion="4.0" xmlns="http://schemas.microsoft.com/developer/msbuild/2003">
  <ItemGroup>
    <Filter Include="Source Files">
      <UniqueIdentifier>{4FC737F1-C7A5-4376-A066-2A32D752A2FF}</UniqueIdentifier>
      <Extensions>cpp;c;cc;cxx;def;odl;idl;hpj;bat;asm;asmx</Extensions>
    </Filter>
    <Filter Include="Header Files">
      <UniqueIdentifier>{93995380-89BD-4b04-88EB-625FBE52EBFB}</UniqueIdentifier>
      <Extensions>h;hh;hpp;hxx;hm;inl;inc;xsd</Extensions>
    </Filter>
    <Filter Include="Resource Files">
      <UniqueIdentifier>{67DA6AB6-F800-4c08-8B7A-83BB121AAD01}</UniqueIdentifier>
      <Extensions>rc;ico;cur;bmp;dlg;rc2;rct;bin;rgs;gif;jpg;jpeg;jpe;resx;tiff;tif;png;wav;mfcribbon-ms</Extensions>
    </Filter>
    <Filter Include="Assembly Files">
      <UniqueIdentifier>{D9D6E242-F8AF-46E4-B9FD-80ECBC20BA3E}</UniqueIdentifier>
      <Extensions>asm</Extensions>
    </Filter>
    <Filter Include="Source Files\Core">
      <UniqueIdentifier>{E12F5321-B7A4-4EF3-9F8B-2C3A4D5E6F78}</UniqueIdentifier>
    </Filter>
    <Filter Include="Source Files\UI">
      <UniqueIdentifier>{F23C6543-C8B5-4F04-A09C-3E4B5C6D7E89}</UniqueIdentifier>
    </Filter>
    <Filter Include="Source Files\System">
      <UniqueIdentifier>{G34D7654-D9C6-5015-B10D-4F5C6D7E8F90}</UniqueIdentifier>
    </Filter>
  </ItemGroup>
  <ItemGroup>
    <ClCompile Include="PROWiSe.cpp">
      <Filter>Source Files\Core</Filter>
    </ClCompile>
    <ClCompile Include="HeadFuncs.cpp">
      <Filter>Source Files\Core</Filter>
    </ClCompile>
    <ClCompile Include="HeadFuncs2.cpp">
      <Filter>Source Files\Core</Filter>
    </ClCompile>
    <ClCompile Include="StringF.cpp">
      <Filter>Source Files\Core</Filter>
    </ClCompile>
    <ClCompile Include="Errors_Logs.cpp">
      <Filter>Source Files\Core</Filter>
    </ClCompile>
    <ClCompile Include="resources.cpp">
      <Filter>Source Files\Core</Filter>
    </ClCompile>
    <ClCompile Include="main_win.cpp">
      <Filter>Source Files\UI</Filter>
    </ClCompile>
    <ClCompile Include="About.cpp">
      <Filter>Source Files\UI</Filter>
    </ClCompile>
    <ClCompile Include="Chart.cpp">
      <Filter>Source Files\UI</Filter>
    </ClCompile>
    <ClCompile Include="ListViews.cpp">
      <Filter>Source Files\UI</Filter>
    </ClCompile>
    <ClCompile Include="Settings.cpp">
      <Filter>Source Files\UI</Filter>
    </ClCompile>
    <ClCompile Include="WinStyles.cpp">
      <Filter>Source Files\UI</Filter>
    </ClCompile>
    <ClCompile Include="WinTransparency.cpp">
      <Filter>Source Files\UI</Filter>
    </ClCompile>
    <ClCompile Include="HookCreateWindow.cpp">
      <Filter>Source Files\UI</Filter>
    </ClCompile>
    <ClCompile Include="SaveColumns.cpp">
      <Filter>Source Files\UI</Filter>
    </ClCompile>
    <ClCompile Include="Processes.cpp">
      <Filter>Source Files\System</Filter>
    </ClCompile>
    <ClCompile Include="Services.cpp">
      <Filter>Source Files\System</Filter>
    </ClCompile>
    <ClCompile Include="Drivers.cpp">
      <Filter>Source Files\System</Filter>
    </ClCompile>
    <ClCompile Include="Windows.cpp">
      <Filter>Source Files\System</Filter>
    </ClCompile>
    <ClCompile Include="Performance.cpp">
      <Filter>Source Files\System</Filter>
    </ClCompile>
    <ClCompile Include="CPU_Usage.cpp">
      <Filter>Source Files\System</Filter>
    </ClCompile>
    <ClCompile Include="handlesInfo.cpp">
      <Filter>Source Files\System</Filter>
    </ClCompile>
    <ClCompile Include="procInfo.cpp">
      <Filter>Source Files\System</Filter>
    </ClCompile>
    <ClCompile Include="CLSIDinfo.cpp">
      <Filter>Source Files\System</Filter>
    </ClCompile>
    <ClCompile Include="Extras_Handles.cpp">
      <Filter>Source Files\System</Filter>
    </ClCompile>
    <ClCompile Include="Logon.cpp">
      <Filter>Source Files\System</Filter>
    </ClCompile>
    <ClCompile Include="StartupRun.cpp">
      <Filter>Source Files\System</Filter>
    </ClCompile>
    <ClCompile Include="shutdown.cpp">
      <Filter>Source Files\System</Filter>
    </ClCompile>
    <ClCompile Include="searchFunc.cpp">
      <Filter>Source Files\System</Filter>
    </ClCompile>
  </ItemGroup>
  <ItemGroup>
    <ClInclude Include="Variables.h">
      <Filter>Header Files</Filter>
    </ClInclude>
    <ClInclude Include="Definitions.h">
      <Filter>Header Files</Filter>
    </ClInclude>
    <ClInclude Include="NTstruct.h">
      <Filter>Header Files</Filter>
    </ClInclude>
    <ClInclude Include="Chart.h">
      <Filter>Header Files</Filter>
    </ClInclude>
    <ClInclude Include="WinStyles.h">
      <Filter>Header Files</Filter>
    </ClInclude>
    <ClInclude Include="dialogs.h">
      <Filter>Header Files</Filter>
    </ClInclude>
    <ClInclude Include="TextStrings.h">
      <Filter>Header Files</Filter>
    </ClInclude>
    <ClInclude Include="HeaderStructs.h">
      <Filter>Header Files</Filter>
    </ClInclude>
    <ClInclude Include="FuncsDefines.h">
      <Filter>Header Files</Filter>
    </ClInclude>
    <ClInclude Include="crc32.h">
      <Filter>Header Files</Filter>
    </ClInclude>
  </ItemGroup>
  <ItemGroup>
    <MASM Include="AsmFuncs.asm">
      <Filter>Assembly Files</Filter>
    </MASM>
    <MASM Include="myFuncs.asm">
      <Filter>Assembly Files</Filter>
    </MASM>
  </ItemGroup>
  <ItemGroup>
    <ResourceCompile Include="PROWiSe_Rc.rc">
      <Filter>Resource Files</Filter>
    </ResourceCompile>
    <ResourceCompile Include="Job Dialog.rc">
      <Filter>Resource Files</Filter>
    </ResourceCompile>
  </ItemGroup>
</Project>